
Microsoft Visual Studio Solution File, Format Version 12.00
# Visual Studio Version 17
VisualStudioVersion = 17.5.33424.131
MinimumVisualStudioVersion = 10.0.40219.1
Project("{FAE04EC0-301F-11D3-BF4B-00C04F79EFBC}") = "QuanLyCuaHangBanSach", "QuanLyCuaHangBanSach.csproj", "{20F75125-E170-4585-B4B8-A99277EC912F}"
EndProject
Global
	GlobalSection(SolutionConfigurationPlatforms) = preSolution
		Debug|Any CPU = Debug|Any CPU
		Release|Any CPU = Release|Any CPU
	EndGlobalSection
	GlobalSection(ProjectConfigurationPlatforms) = postSolution
		{20F75125-E170-4585-B4B8-A99277EC912F}.Debug|Any CPU.ActiveCfg = Debug|Any CPU
		{20F75125-E170-4585-B4B8-A99277EC912F}.Debug|Any CPU.Build.0 = Debug|Any CPU
		{20F75125-E170-4585-B4B8-A99277EC912F}.Release|Any CPU.ActiveCfg = Release|Any CPU
		{20F75125-E170-4585-B4B8-A99277EC912F}.Release|Any CPU.Build.0 = Release|Any CPU
	EndGlobalSection
	GlobalSection(SolutionProperties) = preSolution
		HideSolutionNode = FALSE
	EndGlobalSection
	GlobalSection(ExtensibilityGlobals) = postSolution
		SolutionGuid = {A92E60C1-B575-4BFE-90CD-B43B8000470F}
	EndGlobalSection
EndGlobal
